
Microsoft Visual Studio Solution File, Format Version 12.00
# Visual Studio Version 17
VisualStudioVersion = 17.11.35312.102
MinimumVisualStudioVersion = 10.0.40219.1
Project("{9A19103F-16F7-4668-BE54-9A1E7A4F7556}") = "WebShop", "WebShop\WebShop.csproj", "{2AE26E26-528D-41A7-98AE-4B87B6E953A7}"
EndProject
Project("{9A19103F-16F7-4668-BE54-9A1E7A4F7556}") = "WebShop.DAL", "WebShop.DAL\WebShop.DAL.csproj", "{5F78DD6F-A0B0-40C3-9078-974D9A057098}"
EndProject
Global
	GlobalSection(SolutionConfigurationPlatforms) = preSolution
		Debug|Any CPU = Debug|Any CPU
		Release|Any CPU = Release|Any CPU
	EndGlobalSection
	GlobalSection(ProjectConfigurationPlatforms) = postSolution
		{2AE26E26-528D-41A7-98AE-4B87B6E953A7}.Debug|Any CPU.ActiveCfg = Debug|Any CPU
		{2AE26E26-528D-41A7-98AE-4B87B6E953A7}.Debug|Any CPU.Build.0 = Debug|Any CPU
		{2AE26E26-528D-41A7-98AE-4B87B6E953A7}.Release|Any CPU.ActiveCfg = Release|Any CPU
		{2AE26E26-528D-41A7-98AE-4B87B6E953A7}.Release|Any CPU.Build.0 = Release|Any CPU
		{5F78DD6F-A0B0-40C3-9078-974D9A057098}.Debug|Any CPU.ActiveCfg = Debug|Any CPU
		{5F78DD6F-A0B0-40C3-9078-974D9A057098}.Debug|Any CPU.Build.0 = Debug|Any CPU
		{5F78DD6F-A0B0-40C3-9078-974D9A057098}.Release|Any CPU.ActiveCfg = Release|Any CPU
		{5F78DD6F-A0B0-40C3-9078-974D9A057098}.Release|Any CPU.Build.0 = Release|Any CPU
	EndGlobalSection
	GlobalSection(SolutionProperties) = preSolution
		HideSolutionNode = FALSE
	EndGlobalSection
	GlobalSection(ExtensibilityGlobals) = postSolution
		SolutionGuid = {8AD78095-4771-4D75-97C7-2F66FB6A8AA9}
	EndGlobalSection
EndGlobal
